
Microsoft Visual Studio Solution File, Format Version 12.00
# Visual Studio Version 17
VisualStudioVersion = 17.0.32112.339
MinimumVisualStudioVersion = 10.0.40219.1
Project("{8BC9CEB8-8B4A-11D0-8D11-00A0C91BC942}") = "Задание№22", "Задание№22.vcxproj", "{2480A314-83C9-4141-9A03-720F231E2BDD}"
EndProject
Global
	GlobalSection(SolutionConfigurationPlatforms) = preSolution
		Debug|x64 = Debug|x64
		Debug|x86 = Debug|x86
		Release|x64 = Release|x64
		Release|x86 = Release|x86
	EndGlobalSection
	GlobalSection(ProjectConfigurationPlatforms) = postSolution
		{2480A314-83C9-4141-9A03-720F231E2BDD}.Debug|x64.ActiveCfg = Debug|x64
		{2480A314-83C9-4141-9A03-720F231E2BDD}.Debug|x64.Build.0 = Debug|x64
		{2480A314-83C9-4141-9A03-720F231E2BDD}.Debug|x86.ActiveCfg = Debug|Win32
		{2480A314-83C9-4141-9A03-720F231E2BDD}.Debug|x86.Build.0 = Debug|Win32
		{2480A314-83C9-4141-9A03-720F231E2BDD}.Release|x64.ActiveCfg = Release|x64
		{2480A314-83C9-4141-9A03-720F231E2BDD}.Release|x64.Build.0 = Release|x64
		{2480A314-83C9-4141-9A03-720F231E2BDD}.Release|x86.ActiveCfg = Release|Win32
		{2480A314-83C9-4141-9A03-720F231E2BDD}.Release|x86.Build.0 = Release|Win32
	EndGlobalSection
	GlobalSection(SolutionProperties) = preSolution
		HideSolutionNode = FALSE
	EndGlobalSection
	GlobalSection(ExtensibilityGlobals) = postSolution
		SolutionGuid = {0DF6C1E2-8923-4669-BC99-F1DD9E1F2AD3}
	EndGlobalSection
EndGlobal
